
Microsoft Visual Studio Solution File, Format Version 12.00
# Visual Studio Express 2012 for Windows Desktop
Project("{FAE04EC0-301F-11D3-BF4B-00C04F79EFBC}") = "FritzNotifier", "FritzNotifier.csproj", "{EF333175-11EB-43BB-B8AF-7AA7D3A4D72D}"
	ProjectSection(ProjectDependencies) = postProject
		{CC4744C6-A2EE-4CE8-BB62-F45BAADEE326} = {CC4744C6-A2EE-4CE8-BB62-F45BAADEE326}
		{828A7FE8-A070-4EE5-8DA8-440B1005C881} = {828A7FE8-A070-4EE5-8DA8-440B1005C881}
	EndProjectSection
EndProject
Project("{FAE04EC0-301F-11D3-BF4B-00C04F79EFBC}") = "FritzNotifierObjects", "..\FritzNotifierObjects\FritzNotifierObjects.csproj", "{828A7FE8-A070-4EE5-8DA8-440B1005C881}"
EndProject
Project("{FAE04EC0-301F-11D3-BF4B-00C04F79EFBC}") = "FritzNotifierPlugins", "..\FritzNotifierPlugins\FritzNotifierPlugins.csproj", "{CC4744C6-A2EE-4CE8-BB62-F45BAADEE326}"
	ProjectSection(ProjectDependencies) = postProject
		{828A7FE8-A070-4EE5-8DA8-440B1005C881} = {828A7FE8-A070-4EE5-8DA8-440B1005C881}
	EndProjectSection
EndProject
Project("{FAE04EC0-301F-11D3-BF4B-00C04F79EFBC}") = "PrototypeNotifier", "..\PrototypeNotifier\PrototypeNotifier.csproj", "{8748D87D-AE9A-4F62-95EC-4B9D909021F8}"
EndProject
Global
	GlobalSection(SolutionConfigurationPlatforms) = preSolution
		Debug|Any CPU = Debug|Any CPU
		Release|Any CPU = Release|Any CPU
	EndGlobalSection
	GlobalSection(ProjectConfigurationPlatforms) = postSolution
		{EF333175-11EB-43BB-B8AF-7AA7D3A4D72D}.Debug|Any CPU.ActiveCfg = Debug|Any CPU
		{EF333175-11EB-43BB-B8AF-7AA7D3A4D72D}.Debug|Any CPU.Build.0 = Debug|Any CPU
		{EF333175-11EB-43BB-B8AF-7AA7D3A4D72D}.Release|Any CPU.ActiveCfg = Release|Any CPU
		{EF333175-11EB-43BB-B8AF-7AA7D3A4D72D}.Release|Any CPU.Build.0 = Release|Any CPU
		{828A7FE8-A070-4EE5-8DA8-440B1005C881}.Debug|Any CPU.ActiveCfg = Debug|Any CPU
		{828A7FE8-A070-4EE5-8DA8-440B1005C881}.Debug|Any CPU.Build.0 = Debug|Any CPU
		{828A7FE8-A070-4EE5-8DA8-440B1005C881}.Release|Any CPU.ActiveCfg = Release|Any CPU
		{828A7FE8-A070-4EE5-8DA8-440B1005C881}.Release|Any CPU.Build.0 = Release|Any CPU
		{CC4744C6-A2EE-4CE8-BB62-F45BAADEE326}.Debug|Any CPU.ActiveCfg = Debug|Any CPU
		{CC4744C6-A2EE-4CE8-BB62-F45BAADEE326}.Debug|Any CPU.Build.0 = Debug|Any CPU
		{CC4744C6-A2EE-4CE8-BB62-F45BAADEE326}.Release|Any CPU.ActiveCfg = Release|Any CPU
		{CC4744C6-A2EE-4CE8-BB62-F45BAADEE326}.Release|Any CPU.Build.0 = Release|Any CPU
		{8748D87D-AE9A-4F62-95EC-4B9D909021F8}.Debug|Any CPU.ActiveCfg = Debug|Any CPU
		{8748D87D-AE9A-4F62-95EC-4B9D909021F8}.Debug|Any CPU.Build.0 = Debug|Any CPU
		{8748D87D-AE9A-4F62-95EC-4B9D909021F8}.Release|Any CPU.ActiveCfg = Release|Any CPU
		{8748D87D-AE9A-4F62-95EC-4B9D909021F8}.Release|Any CPU.Build.0 = Release|Any CPU
	EndGlobalSection
	GlobalSection(SolutionProperties) = preSolution
		HideSolutionNode = FALSE
	EndGlobalSection
EndGlobal
